
Microsoft Visual Studio Solution File, Format Version 12.00
# Visual Studio Version 17
VisualStudioVersion = 17.14.36518.9 d17.14
MinimumVisualStudioVersion = 10.0.40219.1
Project("{FAE04EC0-301F-11D3-BF4B-00C04F79EFBC}") = "StudentAttendanceSystem", "StudentAttendanceSystem.csproj", "{B3BDDBB4-09D6-479F-822A-B837A4264F7F}"
EndProject
Global
	GlobalSection(SolutionConfigurationPlatforms) = preSolution
		Debug|Any CPU = Debug|Any CPU
		Release|Any CPU = Release|Any CPU
	EndGlobalSection
	GlobalSection(ProjectConfigurationPlatforms) = postSolution
		{B3BDDBB4-09D6-479F-822A-B837A4264F7F}.Debug|Any CPU.ActiveCfg = Debug|Any CPU
		{B3BDDBB4-09D6-479F-822A-B837A4264F7F}.Debug|Any CPU.Build.0 = Debug|Any CPU
		{B3BDDBB4-09D6-479F-822A-B837A4264F7F}.Release|Any CPU.ActiveCfg = Release|Any CPU
		{B3BDDBB4-09D6-479F-822A-B837A4264F7F}.Release|Any CPU.Build.0 = Release|Any CPU
	EndGlobalSection
	GlobalSection(SolutionProperties) = preSolution
		HideSolutionNode = FALSE
	EndGlobalSection
	GlobalSection(ExtensibilityGlobals) = postSolution
		SolutionGuid = {8418FC52-DC7E-4A9C-8D81-7F9F36D151AA}
	EndGlobalSection
EndGlobal
